
Microsoft Visual Studio Solution File, Format Version 12.00
# Visual Studio 15
VisualStudioVersion = 15.0.27130.2010
MinimumVisualStudioVersion = 10.0.40219.1
Project("{FAE04EC0-301F-11D3-BF4B-00C04F79EFBC}") = "Parkway.Report", "Parkway.Report\Parkway.Report.csproj", "{F4B99E45-C56C-43F0-B396-550ABEF31ADB}"
EndProject
Project("{FAE04EC0-301F-11D3-BF4B-00C04F79EFBC}") = "Parkway.Report.Mvc", "Parkway.Report.Mvc\Parkway.Report.Mvc.csproj", "{2EB871C1-AF23-44BB-B930-D1E02F470796}"
EndProject
Project("{FAE04EC0-301F-11D3-BF4B-00C04F79EFBC}") = "Parkway.Report.Attribute", "Parkway.Report.Attribute\Parkway.Report.Attribute.csproj", "{C8DBF9F0-5409-4733-9D6E-5FDA02CBF636}"
EndProject
Global
	GlobalSection(SolutionConfigurationPlatforms) = preSolution
		Debug|Any CPU = Debug|Any CPU
		Release|Any CPU = Release|Any CPU
	EndGlobalSection
	GlobalSection(ProjectConfigurationPlatforms) = postSolution
		{F4B99E45-C56C-43F0-B396-550ABEF31ADB}.Debug|Any CPU.ActiveCfg = Debug|Any CPU
		{F4B99E45-C56C-43F0-B396-550ABEF31ADB}.Debug|Any CPU.Build.0 = Debug|Any CPU
		{F4B99E45-C56C-43F0-B396-550ABEF31ADB}.Release|Any CPU.ActiveCfg = Release|Any CPU
		{F4B99E45-C56C-43F0-B396-550ABEF31ADB}.Release|Any CPU.Build.0 = Release|Any CPU
		{2EB871C1-AF23-44BB-B930-D1E02F470796}.Debug|Any CPU.ActiveCfg = Debug|Any CPU
		{2EB871C1-AF23-44BB-B930-D1E02F470796}.Debug|Any CPU.Build.0 = Debug|Any CPU
		{2EB871C1-AF23-44BB-B930-D1E02F470796}.Release|Any CPU.ActiveCfg = Release|Any CPU
		{2EB871C1-AF23-44BB-B930-D1E02F470796}.Release|Any CPU.Build.0 = Release|Any CPU
		{C8DBF9F0-5409-4733-9D6E-5FDA02CBF636}.Debug|Any CPU.ActiveCfg = Debug|Any CPU
		{C8DBF9F0-5409-4733-9D6E-5FDA02CBF636}.Debug|Any CPU.Build.0 = Debug|Any CPU
		{C8DBF9F0-5409-4733-9D6E-5FDA02CBF636}.Release|Any CPU.ActiveCfg = Release|Any CPU
		{C8DBF9F0-5409-4733-9D6E-5FDA02CBF636}.Release|Any CPU.Build.0 = Release|Any CPU
	EndGlobalSection
	GlobalSection(SolutionProperties) = preSolution
		HideSolutionNode = FALSE
	EndGlobalSection
	GlobalSection(ExtensibilityGlobals) = postSolution
		SolutionGuid = {6E2CE552-1652-4FA3-81A9-809C03C6A940}
	EndGlobalSection
EndGlobal
